<?xml version="1.0" encoding="utf-8"?>
<Project ToolsVersion="4.0" xmlns="http://schemas.microsoft.com/developer/msbuild/2003">
  <ItemGroup>
    <Filter Include="Source Files">
      <UniqueIdentifier>{4FC737F1-C7A5-4376-A066-2A32D752A2FF}</UniqueIdentifier>
      <Extensions>cpp;c;cc;cxx;def;odl;idl;hpj;bat;asm;asmx</Extensions>
    </Filter>
    <Filter Include="Header Files">
      <UniqueIdentifier>{93995380-89BD-4b04-88EB-625FBE52EBFB}</UniqueIdentifier>
      <Extensions>h;hh;hpp;hxx;hm;inl;inc;xsd</Extensions>
    </Filter>
    <Filter Include="Resource Files">
      <UniqueIdentifier>{67DA6AB6-F800-4c08-8B7A-83BB121AAD01}</UniqueIdentifier>
      <Extensions>rc;ico;cur;bmp;dlg;rc2;rct;bin;rgs;gif;jpg;jpeg;jpe;resx;tiff;tif;png;wav;mfcribbon-ms</Extensions>
    </Filter>
    <Filter Include="Visualisation">
      <UniqueIdentifier>{7bb6f883-bed2-4dad-8222-4d992411ffc3}</UniqueIdentifier>
    </Filter>
    <Filter Include="World">
      <UniqueIdentifier>{ddcaa285-0bc2-425e-8442-5a9604c149a8}</UniqueIdentifier>
    </Filter>
    <Filter Include="Sound">
      <UniqueIdentifier>{9a357e11-97cb-432a-b365-fff9f76e08b1}</UniqueIdentifier>
    </Filter>
  </ItemGroup>
  <ItemGroup>
    <ClCompile Include="main.cpp">
      <Filter>Source Files</Filter>
    </ClCompile>
    <ClCompile Include="BackgroundEntity.cpp">
      <Filter>World</Filter>
    </ClCompile>
    <ClCompile Include="EnemyEntity.cpp">
      <Filter>World</Filter>
    </ClCompile>
    <ClCompile Include="PlayerEntity.cpp">
      <Filter>World</Filter>
    </ClCompile>
    <ClCompile Include="World.cpp">
      <Filter>World</Filter>
    </ClCompile>
    <ClCompile Include="WorldEntity.cpp">
      <Filter>World</Filter>
    </ClCompile>
    <ClCompile Include="Rectangle.cpp">
      <Filter>Visualisation</Filter>
    </ClCompile>
    <ClCompile Include="Sprite.cpp">
      <Filter>Visualisation</Filter>
    </ClCompile>
    <ClCompile Include="Visualisation.cpp">
      <Filter>Visualisation</Filter>
    </ClCompile>
    <ClCompile Include="HorseEnemy.cpp">
      <Filter>World</Filter>
    </ClCompile>
    <ClCompile Include="MonsterEnemy.cpp">
      <Filter>World</Filter>
    </ClCompile>
    <ClCompile Include="BulletEntity.cpp">
      <Filter>World</Filter>
    </ClCompile>
    <ClCompile Include="Vector2.cpp">
      <Filter>World</Filter>
    </ClCompile>
    <ClCompile Include="NonShooterEntity.cpp">
      <Filter>World</Filter>
    </ClCompile>
    <ClCompile Include="ShooterEntity.cpp">
      <Filter>World</Filter>
    </ClCompile>
    <ClCompile Include="Sound.cpp">
      <Filter>Sound</Filter>
    </ClCompile>
  </ItemGroup>
  <ItemGroup>
    <ClInclude Include="BackgroundEntity.h">
      <Filter>World</Filter>
    </ClInclude>
    <ClInclude Include="EnemyEntity.h">
      <Filter>World</Filter>
    </ClInclude>
    <ClInclude Include="PlayerEntity.h">
      <Filter>World</Filter>
    </ClInclude>
    <ClInclude Include="World.h">
      <Filter>World</Filter>
    </ClInclude>
    <ClInclude Include="WorldEntity.h">
      <Filter>World</Filter>
    </ClInclude>
    <ClInclude Include="Sprite.h">
      <Filter>Visualisation</Filter>
    </ClInclude>
    <ClInclude Include="Visualisation.h">
      <Filter>Visualisation</Filter>
    </ClInclude>
    <ClInclude Include="Rectangle.h">
      <Filter>Visualisation</Filter>
    </ClInclude>
    <ClInclude Include="HorseEnemy.h">
      <Filter>World</Filter>
    </ClInclude>
    <ClInclude Include="MonsterEnemy.h">
      <Filter>World</Filter>
    </ClInclude>
    <ClInclude Include="BulletEntity.h">
      <Filter>World</Filter>
    </ClInclude>
    <ClInclude Include="EAnimationStateMachine.h">
      <Filter>World</Filter>
    </ClInclude>
    <ClInclude Include="Vector2.h">
      <Filter>World</Filter>
    </ClInclude>
    <ClInclude Include="NonShooterEntity.h">
      <Filter>World</Filter>
    </ClInclude>
    <ClInclude Include="ShooterEntity.h">
      <Filter>World</Filter>
    </ClInclude>
    <ClInclude Include="Sound.h">
      <Filter>Sound</Filter>
    </ClInclude>
  </ItemGroup>
</Project>